// !$*UTF8*$!
{
	archiveVersion = 1;
	classes = {
	};
	objectVersion = 51;
	objects = {

/* Begin PBXBuildFile section */
		4D4F52B16894FD6EB5602962 /* Pods_HappLabsDemo.framework in Frameworks */ = {isa = PBXBuildFile; fileRef = 3816485BB0B825BB883809A7 /* Pods_HappLabsDemo.framework */; };
		8D292B82242A2D55005A8A1E /* SignInViewController.swift in Sources */ = {isa = PBXBuildFile; fileRef = 8D292B81242A2D55005A8A1E /* SignInViewController.swift */; };
		8D292B84242A2D65005A8A1E /* SignUpViewController.swift in Sources */ = {isa = PBXBuildFile; fileRef = 8D292B83242A2D65005A8A1E /* SignUpViewController.swift */; };
		8D292B86242A2D96005A8A1E /* SignInInteractor.swift in Sources */ = {isa = PBXBuildFile; fileRef = 8D292B85242A2D96005A8A1E /* SignInInteractor.swift */; };
		8D292B88242A2DAF005A8A1E /* SignUpInteractor.swift in Sources */ = {isa = PBXBuildFile; fileRef = 8D292B87242A2DAF005A8A1E /* SignUpInteractor.swift */; };
		8D292B8A242A2E0D005A8A1E /* CreateUploadViewController.swift in Sources */ = {isa = PBXBuildFile; fileRef = 8D292B89242A2E0D005A8A1E /* CreateUploadViewController.swift */; };
		8D292B8C242A2E25005A8A1E /* ListUploadsViewController.swift in Sources */ = {isa = PBXBuildFile; fileRef = 8D292B8B242A2E25005A8A1E /* ListUploadsViewController.swift */; };
		8D292B8E242A2E40005A8A1E /* CreateUploadInteractor.swift in Sources */ = {isa = PBXBuildFile; fileRef = 8D292B8D242A2E40005A8A1E /* CreateUploadInteractor.swift */; };
		8D292B90242A2E51005A8A1E /* ListUploadsInteractor.swift in Sources */ = {isa = PBXBuildFile; fileRef = 8D292B8F242A2E51005A8A1E /* ListUploadsInteractor.swift */; };
		8D292B94242A32B0005A8A1E /* UIView.swift in Sources */ = {isa = PBXBuildFile; fileRef = 8D292B92242A32B0005A8A1E /* UIView.swift */; };
		8D292B95242A32B0005A8A1E /* UIViewController.swift in Sources */ = {isa = PBXBuildFile; fileRef = 8D292B93242A32B0005A8A1E /* UIViewController.swift */; };
		8D292B99242A34DC005A8A1E /* R.generated.swift in Sources */ = {isa = PBXBuildFile; fileRef = 8D292B98242A34DC005A8A1E /* R.generated.swift */; };
		8D292B9B242A3648005A8A1E /* .swiftlint.yml in Resources */ = {isa = PBXBuildFile; fileRef = 8D292B9A242A3647005A8A1E /* .swiftlint.yml */; };
		8D292BA4242A64CC005A8A1E /* NetworkService.swift in Sources */ = {isa = PBXBuildFile; fileRef = 8D292B9D242A64CB005A8A1E /* NetworkService.swift */; };
		8D292BA5242A64CC005A8A1E /* APIList.swift in Sources */ = {isa = PBXBuildFile; fileRef = 8D292B9E242A64CB005A8A1E /* APIList.swift */; };
		8D292BA6242A64CC005A8A1E /* NetworkConfiguration.swift in Sources */ = {isa = PBXBuildFile; fileRef = 8D292B9F242A64CB005A8A1E /* NetworkConfiguration.swift */; };
		8D292BA7242A64CC005A8A1E /* UploadService.swift in Sources */ = {isa = PBXBuildFile; fileRef = 8D292BA1242A64CB005A8A1E /* UploadService.swift */; };
		8D292BA8242A64CC005A8A1E /* NotificationService.swift in Sources */ = {isa = PBXBuildFile; fileRef = 8D292BA3242A64CB005A8A1E /* NotificationService.swift */; };
		8D292BAB242AA682005A8A1E /* BasicResponse.swift in Sources */ = {isa = PBXBuildFile; fileRef = 8D292BAA242AA682005A8A1E /* BasicResponse.swift */; };
		8D292BAE242AAB86005A8A1E /* GalleryService.swift in Sources */ = {isa = PBXBuildFile; fileRef = 8D292BAD242AAB86005A8A1E /* GalleryService.swift */; };
		8D292BB0242ABFA8005A8A1E /* Media.swift in Sources */ = {isa = PBXBuildFile; fileRef = 8D292BAF242ABFA8005A8A1E /* Media.swift */; };
		8D292BB3242B004E005A8A1E /* UserService.swift in Sources */ = {isa = PBXBuildFile; fileRef = 8D292BB2242B004E005A8A1E /* UserService.swift */; };
		8D292BB8242B00DF005A8A1E /* LocalStorageService.swift in Sources */ = {isa = PBXBuildFile; fileRef = 8D292BB5242B00DF005A8A1E /* LocalStorageService.swift */; };
		8D292BB9242B00DF005A8A1E /* StorageService.swift in Sources */ = {isa = PBXBuildFile; fileRef = 8D292BB6242B00DF005A8A1E /* StorageService.swift */; };
		8D292BBA242B00DF005A8A1E /* LocalStorageKeys.swift in Sources */ = {isa = PBXBuildFile; fileRef = 8D292BB7242B00DF005A8A1E /* LocalStorageKeys.swift */; };
		8D292BBC242B01C8005A8A1E /* User.swift in Sources */ = {isa = PBXBuildFile; fileRef = 8D292BBB242B01C8005A8A1E /* User.swift */; };
		8D29D0EF243026FE0048E5E8 /* UploadedFile.swift in Sources */ = {isa = PBXBuildFile; fileRef = 8D29D0EE243026FE0048E5E8 /* UploadedFile.swift */; };
		8D29D0F2243050F70048E5E8 /* UploadedFileCell.swift in Sources */ = {isa = PBXBuildFile; fileRef = 8D29D0F1243050F70048E5E8 /* UploadedFileCell.swift */; };
		8D29D0F6243121950048E5E8 /* ValidationMessages.swift in Sources */ = {isa = PBXBuildFile; fileRef = 8D29D0F4243121950048E5E8 /* ValidationMessages.swift */; };
		8D29D0F7243121950048E5E8 /* Validator.swift in Sources */ = {isa = PBXBuildFile; fileRef = 8D29D0F5243121950048E5E8 /* Validator.swift */; };
		8D58FC2224291886008389EC /* BaseViewController.swift in Sources */ = {isa = PBXBuildFile; fileRef = 8D58FC1224291885008389EC /* BaseViewController.swift */; };
		8D58FC2324291886008389EC /* Interacting.swift in Sources */ = {isa = PBXBuildFile; fileRef = 8D58FC1324291885008389EC /* Interacting.swift */; };
		8D58FC2424291886008389EC /* MainRouter.swift in Sources */ = {isa = PBXBuildFile; fileRef = 8D58FC1524291885008389EC /* MainRouter.swift */; };
		8D58FC2524291886008389EC /* AppDelegate.swift in Sources */ = {isa = PBXBuildFile; fileRef = 8D58FC1624291885008389EC /* AppDelegate.swift */; };
		8D58FC2624291886008389EC /* Assets.xcassets in Resources */ = {isa = PBXBuildFile; fileRef = 8D58FC1C24291886008389EC /* Assets.xcassets */; };
		8D58FC2724291886008389EC /* LaunchScreen.storyboard in Resources */ = {isa = PBXBuildFile; fileRef = 8D58FC1D24291886008389EC /* LaunchScreen.storyboard */; };
		8D58FC2F24291B28008389EC /* UserManagement.storyboard in Resources */ = {isa = PBXBuildFile; fileRef = 8D58FC2E24291B28008389EC /* UserManagement.storyboard */; };
		8D58FC3124291B39008389EC /* UserManagementRouter.swift in Sources */ = {isa = PBXBuildFile; fileRef = 8D58FC3024291B39008389EC /* UserManagementRouter.swift */; };
		8D58FC3324291B5C008389EC /* UploadManagement.storyboard in Resources */ = {isa = PBXBuildFile; fileRef = 8D58FC3224291B5C008389EC /* UploadManagement.storyboard */; };
		8D58FC3524291B6D008389EC /* UploadManagementRouter.swift in Sources */ = {isa = PBXBuildFile; fileRef = 8D58FC3424291B6D008389EC /* UploadManagementRouter.swift */; };
/* End PBXBuildFile section */

/* Begin PBXFileReference section */
		3816485BB0B825BB883809A7 /* Pods_HappLabsDemo.framework */ = {isa = PBXFileReference; explicitFileType = wrapper.framework; includeInIndex = 0; path = Pods_HappLabsDemo.framework; sourceTree = BUILT_PRODUCTS_DIR; };
		667E3FBACA29A12080218DCA /* Pods-HappLabsDemo.debug.xcconfig */ = {isa = PBXFileReference; includeInIndex = 1; lastKnownFileType = text.xcconfig; name = "Pods-HappLabsDemo.debug.xcconfig"; path = "Target Support Files/Pods-HappLabsDemo/Pods-HappLabsDemo.debug.xcconfig"; sourceTree = "<group>"; };
		69230E891B59294684EC99E2 /* Pods-HappLabsDemo.release.xcconfig */ = {isa = PBXFileReference; includeInIndex = 1; lastKnownFileType = text.xcconfig; name = "Pods-HappLabsDemo.release.xcconfig"; path = "Target Support Files/Pods-HappLabsDemo/Pods-HappLabsDemo.release.xcconfig"; sourceTree = "<group>"; };
		8D292B81242A2D55005A8A1E /* SignInViewController.swift */ = {isa = PBXFileReference; lastKnownFileType = sourcecode.swift; path = SignInViewController.swift; sourceTree = "<group>"; };
		8D292B83242A2D65005A8A1E /* SignUpViewController.swift */ = {isa = PBXFileReference; lastKnownFileType = sourcecode.swift; path = SignUpViewController.swift; sourceTree = "<group>"; };
		8D292B85242A2D96005A8A1E /* SignInInteractor.swift */ = {isa = PBXFileReference; lastKnownFileType = sourcecode.swift; path = SignInInteractor.swift; sourceTree = "<group>"; };
		8D292B87242A2DAF005A8A1E /* SignUpInteractor.swift */ = {isa = PBXFileReference; lastKnownFileType = sourcecode.swift; path = SignUpInteractor.swift; sourceTree = "<group>"; };
		8D292B89242A2E0D005A8A1E /* CreateUploadViewController.swift */ = {isa = PBXFileReference; lastKnownFileType = sourcecode.swift; path = CreateUploadViewController.swift; sourceTree = "<group>"; };
		8D292B8B242A2E25005A8A1E /* ListUploadsViewController.swift */ = {isa = PBXFileReference; lastKnownFileType = sourcecode.swift; path = ListUploadsViewController.swift; sourceTree = "<group>"; };
		8D292B8D242A2E40005A8A1E /* CreateUploadInteractor.swift */ = {isa = PBXFileReference; lastKnownFileType = sourcecode.swift; path = CreateUploadInteractor.swift; sourceTree = "<group>"; };
		8D292B8F242A2E51005A8A1E /* ListUploadsInteractor.swift */ = {isa = PBXFileReference; lastKnownFileType = sourcecode.swift; path = ListUploadsInteractor.swift; sourceTree = "<group>"; };
		8D292B92242A32B0005A8A1E /* UIView.swift */ = {isa = PBXFileReference; fileEncoding = 4; lastKnownFileType = sourcecode.swift; path = UIView.swift; sourceTree = "<group>"; };
		8D292B93242A32B0005A8A1E /* UIViewController.swift */ = {isa = PBXFileReference; fileEncoding = 4; lastKnownFileType = sourcecode.swift; path = UIViewController.swift; sourceTree = "<group>"; };
		8D292B98242A34DC005A8A1E /* R.generated.swift */ = {isa = PBXFileReference; fileEncoding = 4; lastKnownFileType = sourcecode.swift; path = R.generated.swift; sourceTree = "<group>"; };
		8D292B9A242A3647005A8A1E /* .swiftlint.yml */ = {isa = PBXFileReference; fileEncoding = 4; lastKnownFileType = text.yaml; path = .swiftlint.yml; sourceTree = "<group>"; };
		8D292B9D242A64CB005A8A1E /* NetworkService.swift */ = {isa = PBXFileReference; fileEncoding = 4; lastKnownFileType = sourcecode.swift; path = NetworkService.swift; sourceTree = "<group>"; };
		8D292B9E242A64CB005A8A1E /* APIList.swift */ = {isa = PBXFileReference; fileEncoding = 4; lastKnownFileType = sourcecode.swift; path = APIList.swift; sourceTree = "<group>"; };
		8D292B9F242A64CB005A8A1E /* NetworkConfiguration.swift */ = {isa = PBXFileReference; fileEncoding = 4; lastKnownFileType = sourcecode.swift; path = NetworkConfiguration.swift; sourceTree = "<group>"; };
		8D292BA1242A64CB005A8A1E /* UploadService.swift */ = {isa = PBXFileReference; fileEncoding = 4; lastKnownFileType = sourcecode.swift; path = UploadService.swift; sourceTree = "<group>"; };
		8D292BA3242A64CB005A8A1E /* NotificationService.swift */ = {isa = PBXFileReference; fileEncoding = 4; lastKnownFileType = sourcecode.swift; path = NotificationService.swift; sourceTree = "<group>"; };
		8D292BAA242AA682005A8A1E /* BasicResponse.swift */ = {isa = PBXFileReference; lastKnownFileType = sourcecode.swift; path = BasicResponse.swift; sourceTree = "<group>"; };
		8D292BAD242AAB86005A8A1E /* GalleryService.swift */ = {isa = PBXFileReference; fileEncoding = 4; lastKnownFileType = sourcecode.swift; path = GalleryService.swift; sourceTree = "<group>"; };
		8D292BAF242ABFA8005A8A1E /* Media.swift */ = {isa = PBXFileReference; lastKnownFileType = sourcecode.swift; path = Media.swift; sourceTree = "<group>"; };
		8D292BB2242B004E005A8A1E /* UserService.swift */ = {isa = PBXFileReference; fileEncoding = 4; lastKnownFileType = sourcecode.swift; path = UserService.swift; sourceTree = "<group>"; };
		8D292BB5242B00DF005A8A1E /* LocalStorageService.swift */ = {isa = PBXFileReference; fileEncoding = 4; lastKnownFileType = sourcecode.swift; path = LocalStorageService.swift; sourceTree = "<group>"; };
		8D292BB6242B00DF005A8A1E /* StorageService.swift */ = {isa = PBXFileReference; fileEncoding = 4; lastKnownFileType = sourcecode.swift; path = StorageService.swift; sourceTree = "<group>"; };
		8D292BB7242B00DF005A8A1E /* LocalStorageKeys.swift */ = {isa = PBXFileReference; fileEncoding = 4; lastKnownFileType = sourcecode.swift; path = LocalStorageKeys.swift; sourceTree = "<group>"; };
		8D292BBB242B01C8005A8A1E /* User.swift */ = {isa = PBXFileReference; fileEncoding = 4; lastKnownFileType = sourcecode.swift; path = User.swift; sourceTree = "<group>"; };
		8D29D0EE243026FE0048E5E8 /* UploadedFile.swift */ = {isa = PBXFileReference; lastKnownFileType = sourcecode.swift; path = UploadedFile.swift; sourceTree = "<group>"; };
		8D29D0F1243050F70048E5E8 /* UploadedFileCell.swift */ = {isa = PBXFileReference; lastKnownFileType = sourcecode.swift; path = UploadedFileCell.swift; sourceTree = "<group>"; };
		8D29D0F4243121950048E5E8 /* ValidationMessages.swift */ = {isa = PBXFileReference; fileEncoding = 4; lastKnownFileType = sourcecode.swift; path = ValidationMessages.swift; sourceTree = "<group>"; };
		8D29D0F5243121950048E5E8 /* Validator.swift */ = {isa = PBXFileReference; fileEncoding = 4; lastKnownFileType = sourcecode.swift; path = Validator.swift; sourceTree = "<group>"; };
		8D58FBF82428FA65008389EC /* HappLabsDemo.app */ = {isa = PBXFileReference; explicitFileType = wrapper.application; includeInIndex = 0; path = HappLabsDemo.app; sourceTree = BUILT_PRODUCTS_DIR; };
		8D58FC1224291885008389EC /* BaseViewController.swift */ = {isa = PBXFileReference; fileEncoding = 4; lastKnownFileType = sourcecode.swift; path = BaseViewController.swift; sourceTree = "<group>"; };
		8D58FC1324291885008389EC /* Interacting.swift */ = {isa = PBXFileReference; fileEncoding = 4; lastKnownFileType = sourcecode.swift; path = Interacting.swift; sourceTree = "<group>"; };
		8D58FC1524291885008389EC /* MainRouter.swift */ = {isa = PBXFileReference; fileEncoding = 4; lastKnownFileType = sourcecode.swift; path = MainRouter.swift; sourceTree = "<group>"; };
		8D58FC1624291885008389EC /* AppDelegate.swift */ = {isa = PBXFileReference; fileEncoding = 4; lastKnownFileType = sourcecode.swift; path = AppDelegate.swift; sourceTree = "<group>"; };
		8D58FC1C24291886008389EC /* Assets.xcassets */ = {isa = PBXFileReference; lastKnownFileType = folder.assetcatalog; path = Assets.xcassets; sourceTree = "<group>"; };
		8D58FC1E24291886008389EC /* Base */ = {isa = PBXFileReference; lastKnownFileType = file.storyboard; name = Base; path = Base.lproj/LaunchScreen.storyboard; sourceTree = "<group>"; };
		8D58FC2124291886008389EC /* Info.plist */ = {isa = PBXFileReference; fileEncoding = 4; lastKnownFileType = text.plist.xml; path = Info.plist; sourceTree = "<group>"; };
		8D58FC2E24291B28008389EC /* UserManagement.storyboard */ = {isa = PBXFileReference; lastKnownFileType = file.storyboard; path = UserManagement.storyboard; sourceTree = "<group>"; };
		8D58FC3024291B39008389EC /* UserManagementRouter.swift */ = {isa = PBXFileReference; lastKnownFileType = sourcecode.swift; path = UserManagementRouter.swift; sourceTree = "<group>"; };
		8D58FC3224291B5C008389EC /* UploadManagement.storyboard */ = {isa = PBXFileReference; lastKnownFileType = file.storyboard; path = UploadManagement.storyboard; sourceTree = "<group>"; };
		8D58FC3424291B6D008389EC /* UploadManagementRouter.swift */ = {isa = PBXFileReference; lastKnownFileType = sourcecode.swift; path = UploadManagementRouter.swift; sourceTree = "<group>"; };
/* End PBXFileReference section */

/* Begin PBXFrameworksBuildPhase section */
		8D58FBF52428FA65008389EC /* Frameworks */ = {
			isa = PBXFrameworksBuildPhase;
			buildActionMask = 2147483647;
			files = (
				4D4F52B16894FD6EB5602962 /* Pods_HappLabsDemo.framework in Frameworks */,
			);
			runOnlyForDeploymentPostprocessing = 0;
		};
/* End PBXFrameworksBuildPhase section */

/* Begin PBXGroup section */
		87FDAB6772F862F2571036F5 /* Pods */ = {
			isa = PBXGroup;
			children = (
				667E3FBACA29A12080218DCA /* Pods-HappLabsDemo.debug.xcconfig */,
				69230E891B59294684EC99E2 /* Pods-HappLabsDemo.release.xcconfig */,
			);
			path = Pods;
			sourceTree = "<group>";
		};
		8D292B91242A32B0005A8A1E /* Extensions */ = {
			isa = PBXGroup;
			children = (
				8D292B92242A32B0005A8A1E /* UIView.swift */,
				8D292B93242A32B0005A8A1E /* UIViewController.swift */,
			);
			path = Extensions;
			sourceTree = "<group>";
		};
		8D292B9C242A64CB005A8A1E /* NetworkService */ = {
			isa = PBXGroup;
			children = (
				8D292B9D242A64CB005A8A1E /* NetworkService.swift */,
				8D292B9E242A64CB005A8A1E /* APIList.swift */,
				8D292B9F242A64CB005A8A1E /* NetworkConfiguration.swift */,
			);
			path = NetworkService;
			sourceTree = "<group>";
		};
		8D292BA0242A64CB005A8A1E /* UploadService */ = {
			isa = PBXGroup;
			children = (
				8D292BA1242A64CB005A8A1E /* UploadService.swift */,
			);
			path = UploadService;
			sourceTree = "<group>";
		};
		8D292BA2242A64CB005A8A1E /* NotificationService */ = {
			isa = PBXGroup;
			children = (
				8D292BA3242A64CB005A8A1E /* NotificationService.swift */,
			);
			path = NotificationService;
			sourceTree = "<group>";
		};
		8D292BA9242AA66D005A8A1E /* Models */ = {
			isa = PBXGroup;
			children = (
				8D292BAF242ABFA8005A8A1E /* Media.swift */,
				8D292BBB242B01C8005A8A1E /* User.swift */,
				8D292BAA242AA682005A8A1E /* BasicResponse.swift */,
				8D29D0EE243026FE0048E5E8 /* UploadedFile.swift */,
			);
			path = Models;
			sourceTree = "<group>";
		};
		8D292BAC242AAB86005A8A1E /* GalleryService */ = {
			isa = PBXGroup;
			children = (
				8D292BAD242AAB86005A8A1E /* GalleryService.swift */,
			);
			path = GalleryService;
			sourceTree = "<group>";
		};
		8D292BB1242B004E005A8A1E /* UserService */ = {
			isa = PBXGroup;
			children = (
				8D292BB2242B004E005A8A1E /* UserService.swift */,
			);
			path = UserService;
			sourceTree = "<group>";
		};
		8D292BB4242B00DF005A8A1E /* StorageService */ = {
			isa = PBXGroup;
			children = (
				8D292BB5242B00DF005A8A1E /* LocalStorageService.swift */,
				8D292BB6242B00DF005A8A1E /* StorageService.swift */,
				8D292BB7242B00DF005A8A1E /* LocalStorageKeys.swift */,
			);
			path = StorageService;
			sourceTree = "<group>";
		};
		8D29D0F02430509E0048E5E8 /* Views */ = {
			isa = PBXGroup;
			children = (
				8D29D0F1243050F70048E5E8 /* UploadedFileCell.swift */,
			);
			path = Views;
			sourceTree = "<group>";
		};
		8D29D0F3243121950048E5E8 /* Validation */ = {
			isa = PBXGroup;
			children = (
				8D29D0F4243121950048E5E8 /* ValidationMessages.swift */,
				8D29D0F5243121950048E5E8 /* Validator.swift */,
			);
			path = Validation;
			sourceTree = "<group>";
		};
		8D58FBEF2428FA65008389EC = {
			isa = PBXGroup;
			children = (
				8D292B9A242A3647005A8A1E /* .swiftlint.yml */,
				8D58FBFA2428FA65008389EC /* HappLabsDemo */,
				8D58FBF92428FA65008389EC /* Products */,
				87FDAB6772F862F2571036F5 /* Pods */,
				EB6A111FD229D692AC036D0F /* Frameworks */,
			);
			sourceTree = "<group>";
		};
		8D58FBF92428FA65008389EC /* Products */ = {
			isa = PBXGroup;
			children = (
				8D58FBF82428FA65008389EC /* HappLabsDemo.app */,
			);
			name = Products;
			sourceTree = "<group>";
		};
		8D58FBFA2428FA65008389EC /* HappLabsDemo */ = {
			isa = PBXGroup;
			children = (
				8D292BA9242AA66D005A8A1E /* Models */,
				8D58FC0F24291885008389EC /* Helpers */,
				8D58FC1424291885008389EC /* Main */,
				8D58FC1824291885008389EC /* Modules */,
				8D58FC1B24291886008389EC /* Resources */,
				8D58FC1724291885008389EC /* Services */,
			);
			path = HappLabsDemo;
			sourceTree = "<group>";
		};
		8D58FC0F24291885008389EC /* Helpers */ = {
			isa = PBXGroup;
			children = (
				8D58FC1024291885008389EC /* Contracts */,
				8D292B91242A32B0005A8A1E /* Extensions */,
				8D29D0F3243121950048E5E8 /* Validation */,
			);
			path = Helpers;
			sourceTree = "<group>";
		};
		8D58FC1024291885008389EC /* Contracts */ = {
			isa = PBXGroup;
			children = (
				8D58FC1124291885008389EC /* BaseViewController */,
			);
			path = Contracts;
			sourceTree = "<group>";
		};
		8D58FC1124291885008389EC /* BaseViewController */ = {
			isa = PBXGroup;
			children = (
				8D58FC1224291885008389EC /* BaseViewController.swift */,
				8D58FC1324291885008389EC /* Interacting.swift */,
			);
			path = BaseViewController;
			sourceTree = "<group>";
		};
		8D58FC1424291885008389EC /* Main */ = {
			isa = PBXGroup;
			children = (
				8D58FC1524291885008389EC /* MainRouter.swift */,
				8D58FC1624291885008389EC /* AppDelegate.swift */,
			);
			path = Main;
			sourceTree = "<group>";
		};
		8D58FC1724291885008389EC /* Services */ = {
			isa = PBXGroup;
			children = (
				8D292BB4242B00DF005A8A1E /* StorageService */,
				8D292BB1242B004E005A8A1E /* UserService */,
				8D292BAC242AAB86005A8A1E /* GalleryService */,
				8D292B9C242A64CB005A8A1E /* NetworkService */,
				8D292BA2242A64CB005A8A1E /* NotificationService */,
				8D292BA0242A64CB005A8A1E /* UploadService */,
			);
			path = Services;
			sourceTree = "<group>";
		};
		8D58FC1824291885008389EC /* Modules */ = {
			isa = PBXGroup;
			children = (
				8D58FC1924291885008389EC /* UserManagement */,
				8D58FC1A24291885008389EC /* Upload */,
			);
			path = Modules;
			sourceTree = "<group>";
		};
		8D58FC1924291885008389EC /* UserManagement */ = {
			isa = PBXGroup;
			children = (
				8D58FC2E24291B28008389EC /* UserManagement.storyboard */,
				8D58FC3024291B39008389EC /* UserManagementRouter.swift */,
				8D58FC3624291D13008389EC /* SignIn */,
				8D58FC3724291D13008389EC /* SignUp */,
			);
			path = UserManagement;
			sourceTree = "<group>";
		};
		8D58FC1A24291885008389EC /* Upload */ = {
			isa = PBXGroup;
			children = (
				8D58FC3224291B5C008389EC /* UploadManagement.storyboard */,
				8D58FC3424291B6D008389EC /* UploadManagementRouter.swift */,
				8D58FC3824291D9E008389EC /* ListUploads */,
				8D58FC3924291D9E008389EC /* CreateUpload */,
			);
			path = Upload;
			sourceTree = "<group>";
		};
		8D58FC1B24291886008389EC /* Resources */ = {
			isa = PBXGroup;
			children = (
				8D292B98242A34DC005A8A1E /* R.generated.swift */,
				8D58FC1C24291886008389EC /* Assets.xcassets */,
				8D58FC1D24291886008389EC /* LaunchScreen.storyboard */,
				8D58FC2124291886008389EC /* Info.plist */,
			);
			path = Resources;
			sourceTree = "<group>";
		};
		8D58FC3624291D13008389EC /* SignIn */ = {
			isa = PBXGroup;
			children = (
				8D292B81242A2D55005A8A1E /* SignInViewController.swift */,
				8D292B85242A2D96005A8A1E /* SignInInteractor.swift */,
			);
			path = SignIn;
			sourceTree = "<group>";
		};
		8D58FC3724291D13008389EC /* SignUp */ = {
			isa = PBXGroup;
			children = (
				8D292B83242A2D65005A8A1E /* SignUpViewController.swift */,
				8D292B87242A2DAF005A8A1E /* SignUpInteractor.swift */,
			);
			path = SignUp;
			sourceTree = "<group>";
		};
		8D58FC3824291D9E008389EC /* ListUploads */ = {
			isa = PBXGroup;
			children = (
				8D292B8B242A2E25005A8A1E /* ListUploadsViewController.swift */,
				8D292B8F242A2E51005A8A1E /* ListUploadsInteractor.swift */,
				8D29D0F02430509E0048E5E8 /* Views */,
			);
			path = ListUploads;
			sourceTree = "<group>";
		};
		8D58FC3924291D9E008389EC /* CreateUpload */ = {
			isa = PBXGroup;
			children = (
				8D292B89242A2E0D005A8A1E /* CreateUploadViewController.swift */,
				8D292B8D242A2E40005A8A1E /* CreateUploadInteractor.swift */,
			);
			path = CreateUpload;
			sourceTree = "<group>";
		};
		EB6A111FD229D692AC036D0F /* Frameworks */ = {
			isa = PBXGroup;
			children = (
				3816485BB0B825BB883809A7 /* Pods_HappLabsDemo.framework */,
			);
			name = Frameworks;
			sourceTree = "<group>";
		};
/* End PBXGroup section */

/* Begin PBXNativeTarget section */
		8D58FBF72428FA65008389EC /* HappLabsDemo */ = {
			isa = PBXNativeTarget;
			buildConfigurationList = 8D58FC0C2428FA69008389EC /* Build configuration list for PBXNativeTarget "HappLabsDemo" */;
			buildPhases = (
				39A874D7F5FC1D23E729203F /* [CP] Check Pods Manifest.lock */,
				8D58FC2B2429194D008389EC /* ShellScript */,
				8D58FBF42428FA65008389EC /* Sources */,
				8D58FBF52428FA65008389EC /* Frameworks */,
				8D58FBF62428FA65008389EC /* Resources */,
				BEB4A4AEDB6BFCCEA8D88DA4 /* [CP] Embed Pods Frameworks */,
				8D58FC2A24291932008389EC /* Run Script */,
			);
			buildRules = (
			);
			dependencies = (
			);
			name = HappLabsDemo;
			productName = HappLabsDemo;
			productReference = 8D58FBF82428FA65008389EC /* HappLabsDemo.app */;
			productType = "com.apple.product-type.application";
		};
/* End PBXNativeTarget section */

/* Begin PBXProject section */
		8D58FBF02428FA65008389EC /* Project object */ = {
			isa = PBXProject;
			attributes = {
				LastSwiftUpdateCheck = 1120;
				LastUpgradeCheck = 1120;
				ORGANIZATIONNAME = "Pramit Tewari";
				TargetAttributes = {
					8D58FBF72428FA65008389EC = {
						CreatedOnToolsVersion = 11.2.1;
					};
				};
			};
			buildConfigurationList = 8D58FBF32428FA65008389EC /* Build configuration list for PBXProject "HappLabsDemo" */;
			compatibilityVersion = "Xcode 9.3";
			developmentRegion = en;
			hasScannedForEncodings = 0;
			knownRegions = (
				en,
				Base,
			);
			mainGroup = 8D58FBEF2428FA65008389EC;
			productRefGroup = 8D58FBF92428FA65008389EC /* Products */;
			projectDirPath = "";
			projectRoot = "";
			targets = (
				8D58FBF72428FA65008389EC /* HappLabsDemo */,
			);
		};
/* End PBXProject section */

/* Begin PBXResourcesBuildPhase section */
		8D58FBF62428FA65008389EC /* Resources */ = {
			isa = PBXResourcesBuildPhase;
			buildActionMask = 2147483647;
			files = (
				8D292B9B242A3648005A8A1E /* .swiftlint.yml in Resources */,
				8D58FC2F24291B28008389EC /* UserManagement.storyboard in Resources */,
				8D58FC3324291B5C008389EC /* UploadManagement.storyboard in Resources */,
				8D58FC2624291886008389EC /* Assets.xcassets in Resources */,
				8D58FC2724291886008389EC /* LaunchScreen.storyboard in Resources */,
			);
			runOnlyForDeploymentPostprocessing = 0;
		};
/* End PBXResourcesBuildPhase section */

/* Begin PBXShellScriptBuildPhase section */
		39A874D7F5FC1D23E729203F /* [CP] Check Pods Manifest.lock */ = {
			isa = PBXShellScriptBuildPhase;
			buildActionMask = 2147483647;
			files = (
			);
			inputFileListPaths = (
			);
			inputPaths = (
				"${PODS_PODFILE_DIR_PATH}/Podfile.lock",
				"${PODS_ROOT}/Manifest.lock",
			);
			name = "[CP] Check Pods Manifest.lock";
			outputFileListPaths = (
			);
			outputPaths = (
				"$(DERIVED_FILE_DIR)/Pods-HappLabsDemo-checkManifestLockResult.txt",
			);
			runOnlyForDeploymentPostprocessing = 0;
			shellPath = /bin/sh;
			shellScript = "diff \"${PODS_PODFILE_DIR_PATH}/Podfile.lock\" \"${PODS_ROOT}/Manifest.lock\" > /dev/null\nif [ $? != 0 ] ; then\n    # print error to STDERR\n    echo \"error: The sandbox is not in sync with the Podfile.lock. Run 'pod install' or update your CocoaPods installation.\" >&2\n    exit 1\nfi\n# This output is used by Xcode 'outputs' to avoid re-running this script phase.\necho \"SUCCESS\" > \"${SCRIPT_OUTPUT_FILE_0}\"\n";
			showEnvVarsInLog = 0;
		};
		8D58FC2A24291932008389EC /* Run Script */ = {
			isa = PBXShellScriptBuildPhase;
			buildActionMask = 2147483647;
			files = (
			);
			inputFileListPaths = (
			);
			inputPaths = (
			);
			name = "Run Script";
			outputFileListPaths = (
			);
			outputPaths = (
			);
			runOnlyForDeploymentPostprocessing = 0;
			shellPath = /bin/sh;
			shellScript = "\"${PODS_ROOT}/SwiftLint/swiftlint\"\n";
		};
		8D58FC2B2429194D008389EC /* ShellScript */ = {
			isa = PBXShellScriptBuildPhase;
			buildActionMask = 2147483647;
			files = (
			);
			inputFileListPaths = (
			);
			inputPaths = (
				"$TEMP_DIR/rswift-lastrun",
			);
			outputFileListPaths = (
			);
			outputPaths = (
				$SRCROOT/HappLabsDemo/Resources/R.generated.swift,
			);
			runOnlyForDeploymentPostprocessing = 0;
			shellPath = /bin/sh;
			shellScript = "\"$PODS_ROOT/R.swift/rswift\" generate \"$SRCROOT/HappLabsDemo/Resources/R.generated.swift\"\n";
		};
		BEB4A4AEDB6BFCCEA8D88DA4 /* [CP] Embed Pods Frameworks */ = {
			isa = PBXShellScriptBuildPhase;
			buildActionMask = 2147483647;
			files = (
			);
			inputFileListPaths = (
				"${PODS_ROOT}/Target Support Files/Pods-HappLabsDemo/Pods-HappLabsDemo-frameworks-${CONFIGURATION}-input-files.xcfilelist",
			);
			name = "[CP] Embed Pods Frameworks";
			outputFileListPaths = (
				"${PODS_ROOT}/Target Support Files/Pods-HappLabsDemo/Pods-HappLabsDemo-frameworks-${CONFIGURATION}-output-files.xcfilelist",
			);
			runOnlyForDeploymentPostprocessing = 0;
			shellPath = /bin/sh;
			shellScript = "\"${PODS_ROOT}/Target Support Files/Pods-HappLabsDemo/Pods-HappLabsDemo-frameworks.sh\"\n";
			showEnvVarsInLog = 0;
		};
/* End PBXShellScriptBuildPhase section */

/* Begin PBXSourcesBuildPhase section */
		8D58FBF42428FA65008389EC /* Sources */ = {
			isa = PBXSourcesBuildPhase;
			buildActionMask = 2147483647;
			files = (
				8D292B82242A2D55005A8A1E /* SignInViewController.swift in Sources */,
				8D292B8C242A2E25005A8A1E /* ListUploadsViewController.swift in Sources */,
				8D58FC2524291886008389EC /* AppDelegate.swift in Sources */,
				8D292B8E242A2E40005A8A1E /* CreateUploadInteractor.swift in Sources */,
				8D292BBA242B00DF005A8A1E /* LocalStorageKeys.swift in Sources */,
				8D292BB0242ABFA8005A8A1E /* Media.swift in Sources */,
				8D292BA4242A64CC005A8A1E /* NetworkService.swift in Sources */,
				8D292BB3242B004E005A8A1E /* UserService.swift in Sources */,
				8D292BBC242B01C8005A8A1E /* User.swift in Sources */,
				8D292B84242A2D65005A8A1E /* SignUpViewController.swift in Sources */,
				8D58FC2324291886008389EC /* Interacting.swift in Sources */,
				8D58FC3524291B6D008389EC /* UploadManagementRouter.swift in Sources */,
				8D29D0F7243121950048E5E8 /* Validator.swift in Sources */,
				8D58FC3124291B39008389EC /* UserManagementRouter.swift in Sources */,
				8D292BAB242AA682005A8A1E /* BasicResponse.swift in Sources */,
				8D292B99242A34DC005A8A1E /* R.generated.swift in Sources */,
				8D29D0EF243026FE0048E5E8 /* UploadedFile.swift in Sources */,
				8D29D0F6243121950048E5E8 /* ValidationMessages.swift in Sources */,
				8D292BB9242B00DF005A8A1E /* StorageService.swift in Sources */,
				8D58FC2224291886008389EC /* BaseViewController.swift in Sources */,
				8D292BA6242A64CC005A8A1E /* NetworkConfiguration.swift in Sources */,
				8D292BA8242A64CC005A8A1E /* NotificationService.swift in Sources */,
				8D292B90242A2E51005A8A1E /* ListUploadsInteractor.swift in Sources */,
				8D292B94242A32B0005A8A1E /* UIView.swift in Sources */,
				8D292BAE242AAB86005A8A1E /* GalleryService.swift in Sources */,
				8D292BB8242B00DF005A8A1E /* LocalStorageService.swift in Sources */,
				8D58FC2424291886008389EC /* MainRouter.swift in Sources */,
				8D292B8A242A2E0D005A8A1E /* CreateUploadViewController.swift in Sources */,
				8D292B88242A2DAF005A8A1E /* SignUpInteractor.swift in Sources */,
				8D292B95242A32B0005A8A1E /* UIViewController.swift in Sources */,
				8D292B86242A2D96005A8A1E /* SignInInteractor.swift in Sources */,
				8D292BA5242A64CC005A8A1E /* APIList.swift in Sources */,
				8D292BA7242A64CC005A8A1E /* UploadService.swift in Sources */,
				8D29D0F2243050F70048E5E8 /* UploadedFileCell.swift in Sources */,
			);
			runOnlyForDeploymentPostprocessing = 0;
		};
/* End PBXSourcesBuildPhase section */

/* Begin PBXVariantGroup section */
		8D58FC1D24291886008389EC /* LaunchScreen.storyboard */ = {
			isa = PBXVariantGroup;
			children = (
				8D58FC1E24291886008389EC /* Base */,
			);
			name = LaunchScreen.storyboard;
			sourceTree = "<group>";
		};
/* End PBXVariantGroup section */

/* Begin XCBuildConfiguration section */
		8D58FC0A2428FA69008389EC /* Debug */ = {
			isa = XCBuildConfiguration;
			buildSettings = {
				ALWAYS_SEARCH_USER_PATHS = NO;
				CLANG_ANALYZER_NONNULL = YES;
				CLANG_ANALYZER_NUMBER_OBJECT_CONVERSION = YES_AGGRESSIVE;
				CLANG_CXX_LANGUAGE_STANDARD = "gnu++14";
				CLANG_CXX_LIBRARY = "libc++";
				CLANG_ENABLE_MODULES = YES;
				CLANG_ENABLE_OBJC_ARC = YES;
				CLANG_ENABLE_OBJC_WEAK = YES;
				CLANG_WARN_BLOCK_CAPTURE_AUTORELEASING = YES;
				CLANG_WARN_BOOL_CONVERSION = YES;
				CLANG_WARN_COMMA = YES;
				CLANG_WARN_CONSTANT_CONVERSION = YES;
				CLANG_WARN_DEPRECATED_OBJC_IMPLEMENTATIONS = YES;
				CLANG_WARN_DIRECT_OBJC_ISA_USAGE = YES_ERROR;
				CLANG_WARN_DOCUMENTATION_COMMENTS = YES;
				CLANG_WARN_EMPTY_BODY = YES;
				CLANG_WARN_ENUM_CONVERSION = YES;
				CLANG_WARN_INFINITE_RECURSION = YES;
				CLANG_WARN_INT_CONVERSION = YES;
				CLANG_WARN_NON_LITERAL_NULL_CONVERSION = YES;
				CLANG_WARN_OBJC_IMPLICIT_RETAIN_SELF = YES;
				CLANG_WARN_OBJC_LITERAL_CONVERSION = YES;
				CLANG_WARN_OBJC_ROOT_CLASS = YES_ERROR;
				CLANG_WARN_RANGE_LOOP_ANALYSIS = YES;
				CLANG_WARN_STRICT_PROTOTYPES = YES;
				CLANG_WARN_SUSPICIOUS_MOVE = YES;
				CLANG_WARN_UNGUARDED_AVAILABILITY = YES_AGGRESSIVE;
				CLANG_WARN_UNREACHABLE_CODE = YES;
				CLANG_WARN__DUPLICATE_METHOD_MATCH = YES;
				COPY_PHASE_STRIP = NO;
				DEBUG_INFORMATION_FORMAT = dwarf;
				ENABLE_STRICT_OBJC_MSGSEND = YES;
				ENABLE_TESTABILITY = YES;
				GCC_C_LANGUAGE_STANDARD = gnu11;
				GCC_DYNAMIC_NO_PIC = NO;
				GCC_NO_COMMON_BLOCKS = YES;
				GCC_OPTIMIZATION_LEVEL = 0;
				GCC_PREPROCESSOR_DEFINITIONS = (
					"DEBUG=1",
					"$(inherited)",
				);
				GCC_WARN_64_TO_32_BIT_CONVERSION = YES;
				GCC_WARN_ABOUT_RETURN_TYPE = YES_ERROR;
				GCC_WARN_UNDECLARED_SELECTOR = YES;
				GCC_WARN_UNINITIALIZED_AUTOS = YES_AGGRESSIVE;
				GCC_WARN_UNUSED_FUNCTION = YES;
				GCC_WARN_UNUSED_VARIABLE = YES;
				IPHONEOS_DEPLOYMENT_TARGET = 13.2;
				MTL_ENABLE_DEBUG_INFO = INCLUDE_SOURCE;
				MTL_FAST_MATH = YES;
				ONLY_ACTIVE_ARCH = YES;
				SDKROOT = iphoneos;
				SWIFT_ACTIVE_COMPILATION_CONDITIONS = DEBUG;
				SWIFT_OPTIMIZATION_LEVEL = "-Onone";
			};
			name = Debug;
		};
		8D58FC0B2428FA69008389EC /* Release */ = {
			isa = XCBuildConfiguration;
			buildSettings = {
				ALWAYS_SEARCH_USER_PATHS = NO;
				CLANG_ANALYZER_NONNULL = YES;
				CLANG_ANALYZER_NUMBER_OBJECT_CONVERSION = YES_AGGRESSIVE;
				CLANG_CXX_LANGUAGE_STANDARD = "gnu++14";
				CLANG_CXX_LIBRARY = "libc++";
				CLANG_ENABLE_MODULES = YES;
				CLANG_ENABLE_OBJC_ARC = YES;
				CLANG_ENABLE_OBJC_WEAK = YES;
				CLANG_WARN_BLOCK_CAPTURE_AUTORELEASING = YES;
				CLANG_WARN_BOOL_CONVERSION = YES;
				CLANG_WARN_COMMA = YES;
				CLANG_WARN_CONSTANT_CONVERSION = YES;
				CLANG_WARN_DEPRECATED_OBJC_IMPLEMENTATIONS = YES;
				CLANG_WARN_DIRECT_OBJC_ISA_USAGE = YES_ERROR;
				CLANG_WARN_DOCUMENTATION_COMMENTS = YES;
				CLANG_WARN_EMPTY_BODY = YES;
				CLANG_WARN_ENUM_CONVERSION = YES;
				CLANG_WARN_INFINITE_RECURSION = YES;
				CLANG_WARN_INT_CONVERSION = YES;
				CLANG_WARN_NON_LITERAL_NULL_CONVERSION = YES;
				CLANG_WARN_OBJC_IMPLICIT_RETAIN_SELF = YES;
				CLANG_WARN_OBJC_LITERAL_CONVERSION = YES;
				CLANG_WARN_OBJC_ROOT_CLASS = YES_ERROR;
				CLANG_WARN_RANGE_LOOP_ANALYSIS = YES;
				CLANG_WARN_STRICT_PROTOTYPES = YES;
				CLANG_WARN_SUSPICIOUS_MOVE = YES;
				CLANG_WARN_UNGUARDED_AVAILABILITY = YES_AGGRESSIVE;
				CLANG_WARN_UNREACHABLE_CODE = YES;
				CLANG_WARN__DUPLICATE_METHOD_MATCH = YES;
				COPY_PHASE_STRIP = NO;
				DEBUG_INFORMATION_FORMAT = "dwarf-with-dsym";
				ENABLE_NS_ASSERTIONS = NO;
				ENABLE_STRICT_OBJC_MSGSEND = YES;
				GCC_C_LANGUAGE_STANDARD = gnu11;
				GCC_NO_COMMON_BLOCKS = YES;
				GCC_WARN_64_TO_32_BIT_CONVERSION = YES;
				GCC_WARN_ABOUT_RETURN_TYPE = YES_ERROR;
				GCC_WARN_UNDECLARED_SELECTOR = YES;
				GCC_WARN_UNINITIALIZED_AUTOS = YES_AGGRESSIVE;
				GCC_WARN_UNUSED_FUNCTION = YES;
				GCC_WARN_UNUSED_VARIABLE = YES;
				IPHONEOS_DEPLOYMENT_TARGET = 13.2;
				MTL_ENABLE_DEBUG_INFO = NO;
				MTL_FAST_MATH = YES;
				SDKROOT = iphoneos;
				SWIFT_COMPILATION_MODE = wholemodule;
				SWIFT_OPTIMIZATION_LEVEL = "-O";
				VALIDATE_PRODUCT = YES;
			};
			name = Release;
		};
		8D58FC0D2428FA69008389EC /* Debug */ = {
			isa = XCBuildConfiguration;
			baseConfigurationReference = 667E3FBACA29A12080218DCA /* Pods-HappLabsDemo.debug.xcconfig */;
			buildSettings = {
				ASSETCATALOG_COMPILER_APPICON_NAME = AppIcon;
				CODE_SIGN_IDENTITY = "iPhone Developer";
				CODE_SIGN_STYLE = Manual;
				DEVELOPMENT_TEAM = 872QZB35U9;
				INFOPLIST_FILE = "$(SRCROOT)/HappLabsDemo/Resources/Info.plist";
				IPHONEOS_DEPLOYMENT_TARGET = 12.1;
				LD_RUNPATH_SEARCH_PATHS = (
					"$(inherited)",
					"@executable_path/Frameworks",
				);
				PRODUCT_BUNDLE_IDENTIFIER = com.quaiqApp.com;
				PRODUCT_NAME = "$(TARGET_NAME)";
				PROVISIONING_PROFILE_SPECIFIER = QuaiqApp;
				SWIFT_VERSION = 5.0;
				TARGETED_DEVICE_FAMILY = 1;
			};
			name = Debug;
		};
		8D58FC0E2428FA69008389EC /* Release */ = {
			isa = XCBuildConfiguration;
			baseConfigurationReference = 69230E891B59294684EC99E2 /* Pods-HappLabsDemo.release.xcconfig */;
			buildSettings = {
				ASSETCATALOG_COMPILER_APPICON_NAME = AppIcon;
				CODE_SIGN_IDENTITY = "iPhone Developer";
				CODE_SIGN_STYLE = Manual;
				DEVELOPMENT_TEAM = 872QZB35U9;
				INFOPLIST_FILE = "$(SRCROOT)/HappLabsDemo/Resources/Info.plist";
				IPHONEOS_DEPLOYMENT_TARGET = 12.1;
				LD_RUNPATH_SEARCH_PATHS = (
					"$(inherited)",
					"@executable_path/Frameworks",
				);
				PRODUCT_BUNDLE_IDENTIFIER = com.quaiqApp.com;
				PRODUCT_NAME = "$(TARGET_NAME)";
				PROVISIONING_PROFILE_SPECIFIER = QuaiqApp;
				SWIFT_VERSION = 5.0;
				TARGETED_DEVICE_FAMILY = 1;
			};
			name = Release;
		};
/* End XCBuildConfiguration section */

/* Begin XCConfigurationList section */
		8D58FBF32428FA65008389EC /* Build configuration list for PBXProject "HappLabsDemo" */ = {
			isa = XCConfigurationList;
			buildConfigurations = (
				8D58FC0A2428FA69008389EC /* Debug */,
				8D58FC0B2428FA69008389EC /* Release */,
			);
			defaultConfigurationIsVisible = 0;
			defaultConfigurationName = Release;
		};
		8D58FC0C2428FA69008389EC /* Build configuration list for PBXNativeTarget "HappLabsDemo" */ = {
			isa = XCConfigurationList;
			buildConfigurations = (
				8D58FC0D2428FA69008389EC /* Debug */,
				8D58FC0E2428FA69008389EC /* Release */,
			);
			defaultConfigurationIsVisible = 0;
			defaultConfigurationName = Release;
		};
/* End XCConfigurationList section */
	};
	rootObject = 8D58FBF02428FA65008389EC /* Project object */;
}
