PODS:
  - Alamofire (5.0.4)
  - CocoaLumberjack/Core (3.6.1)
  - CocoaLumberjack/Swift (3.6.1):
    - CocoaLumberjack/Core
  - IQKeyboardManagerSwift (6.5.5)
  - Kingfisher (5.13.2):
    - Kingfisher/Core (= 5.13.2)
  - Kingfisher/Core (5.13.2)
  - MBProgressHUD (1.2.0)
  - R.swift (5.1.0):
    - R.swift.Library (~> 5.1.0)
  - R.swift.Library (5.1.0)
  - ReachabilitySwift (5.0.0)
  - SwiftLint (0.39.1)
  - SwiftyJSON (5.0.0)

DEPENDENCIES:
  - Alamofire
  - CocoaLumberjack/Swift
  - IQKeyboardManagerSwift
  - Kingfisher
  - MBProgressHUD
  - R.swift
  - ReachabilitySwift
  - SwiftLint
  - SwiftyJSON

SPEC REPOS:
  trunk:
    - Alamofire
    - CocoaLumberjack
    - IQKeyboardManagerSwift
    - Kingfisher
    - MBProgressHUD
    - R.swift
    - R.swift.Library
    - ReachabilitySwift
    - SwiftLint
    - SwiftyJSON

SPEC CHECKSUMS:
  Alamofire: 0fe5fd24b4298dc377a6550da7d5f1b30e286fcb
  CocoaLumberjack: b17ae15142558d08bbacf69775fa10c4abbebcc9
  IQKeyboardManagerSwift: 0fb93310284665245591f50f7a5e38de615960b7
  Kingfisher: d342c8354c10c3d85a27d6d4c42c41285924b898
  MBProgressHUD: 3ee5efcc380f6a79a7cc9b363dd669c5e1ae7406
  R.swift: 8cbc4fc69b740305b6a17c8a8ed968eb788962d9
  R.swift.Library: fa85ce1e0d0b7e818cd9e080df910ba54d2776cc
  ReachabilitySwift: 985039c6f7b23a1da463388634119492ff86c825
  SwiftLint: 55e96a4a4d537d4a3156859fc1c54bd24851a046
  SwiftyJSON: 36413e04c44ee145039d332b4f4e2d3e8d6c4db7

PODFILE CHECKSUM: 656116ae10148c39a55fc6f12fcd04c1b8e01ed6

COCOAPODS: 1.9.1
